// !$*UTF8*$!
{
	archiveVersion = 1;
	classes = {
	};
	objectVersion = 48;
	objects = {

/* Begin PBXBuildFile section */
		306AA00D204F24BA0092EA10 /* AppDelegate.swift in Sources */ = {isa = PBXBuildFile; fileRef = 306AA00C204F24BA0092EA10 /* AppDelegate.swift */; };
		306AA00F204F24BA0092EA10 /* ViewController.swift in Sources */ = {isa = PBXBuildFile; fileRef = 306AA00E204F24BA0092EA10 /* ViewController.swift */; };
		306AA012204F24BA0092EA10 /* Main.storyboard in Resources */ = {isa = PBXBuildFile; fileRef = 306AA010204F24BA0092EA10 /* Main.storyboard */; };
		306AA014204F24BA0092EA10 /* Assets.xcassets in Resources */ = {isa = PBXBuildFile; fileRef = 306AA013204F24BA0092EA10 /* Assets.xcassets */; };
		306AA017204F24BA0092EA10 /* LaunchScreen.storyboard in Resources */ = {isa = PBXBuildFile; fileRef = 306AA015204F24BA0092EA10 /* LaunchScreen.storyboard */; };
		306AA01F204F27A50092EA10 /* GoogleService-Info.plist in Resources */ = {isa = PBXBuildFile; fileRef = 306AA01E204F27A50092EA10 /* GoogleService-Info.plist */; };
		8D4297053B59D7C07FD5189C /* Pods_FireBaseImages.framework in Frameworks */ = {isa = PBXBuildFile; fileRef = 68D35393E7B26EE51E2C8095 /* Pods_FireBaseImages.framework */; };
/* End PBXBuildFile section */

/* Begin PBXFileReference section */
		09885C95AEB61E4CAECE7BD7 /* Pods-FireBaseImages.release.xcconfig */ = {isa = PBXFileReference; includeInIndex = 1; lastKnownFileType = text.xcconfig; name = "Pods-FireBaseImages.release.xcconfig"; path = "Pods/Target Support Files/Pods-FireBaseImages/Pods-FireBaseImages.release.xcconfig"; sourceTree = "<group>"; };
		306AA009204F24BA0092EA10 /* FireBaseImages.app */ = {isa = PBXFileReference; explicitFileType = wrapper.application; includeInIndex = 0; path = FireBaseImages.app; sourceTree = BUILT_PRODUCTS_DIR; };
		306AA00C204F24BA0092EA10 /* AppDelegate.swift */ = {isa = PBXFileReference; lastKnownFileType = sourcecode.swift; path = AppDelegate.swift; sourceTree = "<group>"; };
		306AA00E204F24BA0092EA10 /* ViewController.swift */ = {isa = PBXFileReference; lastKnownFileType = sourcecode.swift; path = ViewController.swift; sourceTree = "<group>"; };
		306AA011204F24BA0092EA10 /* Base */ = {isa = PBXFileReference; lastKnownFileType = file.storyboard; name = Base; path = Base.lproj/Main.storyboard; sourceTree = "<group>"; };
		306AA013204F24BA0092EA10 /* Assets.xcassets */ = {isa = PBXFileReference; lastKnownFileType = folder.assetcatalog; path = Assets.xcassets; sourceTree = "<group>"; };
		306AA016204F24BA0092EA10 /* Base */ = {isa = PBXFileReference; lastKnownFileType = file.storyboard; name = Base; path = Base.lproj/LaunchScreen.storyboard; sourceTree = "<group>"; };
		306AA018204F24BA0092EA10 /* Info.plist */ = {isa = PBXFileReference; lastKnownFileType = text.plist.xml; path = Info.plist; sourceTree = "<group>"; };
		306AA01E204F27A50092EA10 /* GoogleService-Info.plist */ = {isa = PBXFileReference; fileEncoding = 4; lastKnownFileType = text.plist.xml; path = "GoogleService-Info.plist"; sourceTree = "<group>"; };
		68D35393E7B26EE51E2C8095 /* Pods_FireBaseImages.framework */ = {isa = PBXFileReference; explicitFileType = wrapper.framework; includeInIndex = 0; path = Pods_FireBaseImages.framework; sourceTree = BUILT_PRODUCTS_DIR; };
		F1DE327AECBD341C9FFEDEA0 /* Pods-FireBaseImages.debug.xcconfig */ = {isa = PBXFileReference; includeInIndex = 1; lastKnownFileType = text.xcconfig; name = "Pods-FireBaseImages.debug.xcconfig"; path = "Pods/Target Support Files/Pods-FireBaseImages/Pods-FireBaseImages.debug.xcconfig"; sourceTree = "<group>"; };
/* End PBXFileReference section */

/* Begin PBXFrameworksBuildPhase section */
		306AA006204F24BA0092EA10 /* Frameworks */ = {
			isa = PBXFrameworksBuildPhase;
			buildActionMask = 2147483647;
			files = (
				8D4297053B59D7C07FD5189C /* Pods_FireBaseImages.framework in Frameworks */,
			);
			runOnlyForDeploymentPostprocessing = 0;
		};
/* End PBXFrameworksBuildPhase section */

/* Begin PBXGroup section */
		1F4583ADA42F21C1AF238099 /* Frameworks */ = {
			isa = PBXGroup;
			children = (
				68D35393E7B26EE51E2C8095 /* Pods_FireBaseImages.framework */,
			);
			name = Frameworks;
			sourceTree = "<group>";
		};
		306AA000204F24BA0092EA10 = {
			isa = PBXGroup;
			children = (
				306AA00B204F24BA0092EA10 /* FireBaseImages */,
				306AA00A204F24BA0092EA10 /* Products */,
				858D8E39C994E53E0B352FEF /* Pods */,
				1F4583ADA42F21C1AF238099 /* Frameworks */,
			);
			sourceTree = "<group>";
		};
		306AA00A204F24BA0092EA10 /* Products */ = {
			isa = PBXGroup;
			children = (
				306AA009204F24BA0092EA10 /* FireBaseImages.app */,
			);
			name = Products;
			sourceTree = "<group>";
		};
		306AA00B204F24BA0092EA10 /* FireBaseImages */ = {
			isa = PBXGroup;
			children = (
				306AA00C204F24BA0092EA10 /* AppDelegate.swift */,
				306AA00E204F24BA0092EA10 /* ViewController.swift */,
				306AA010204F24BA0092EA10 /* Main.storyboard */,
				306AA013204F24BA0092EA10 /* Assets.xcassets */,
				306AA015204F24BA0092EA10 /* LaunchScreen.storyboard */,
				306AA01E204F27A50092EA10 /* GoogleService-Info.plist */,
				306AA018204F24BA0092EA10 /* Info.plist */,
			);
			path = FireBaseImages;
			sourceTree = "<group>";
		};
		858D8E39C994E53E0B352FEF /* Pods */ = {
			isa = PBXGroup;
			children = (
				F1DE327AECBD341C9FFEDEA0 /* Pods-FireBaseImages.debug.xcconfig */,
				09885C95AEB61E4CAECE7BD7 /* Pods-FireBaseImages.release.xcconfig */,
			);
			name = Pods;
			sourceTree = "<group>";
		};
/* End PBXGroup section */

/* Begin PBXNativeTarget section */
		306AA008204F24BA0092EA10 /* FireBaseImages */ = {
			isa = PBXNativeTarget;
			buildConfigurationList = 306AA01B204F24BA0092EA10 /* Build configuration list for PBXNativeTarget "FireBaseImages" */;
			buildPhases = (
				7913E30A41398AD5D29B2911 /* [CP] Check Pods Manifest.lock */,
				306AA005204F24BA0092EA10 /* Sources */,
				306AA006204F24BA0092EA10 /* Frameworks */,
				306AA007204F24BA0092EA10 /* Resources */,
				D94358FCB68DD53C80A01081 /* [CP] Embed Pods Frameworks */,
				69698E57BE29AC218EEB9659 /* [CP] Copy Pods Resources */,
			);
			buildRules = (
			);
			dependencies = (
			);
			name = FireBaseImages;
			productName = FireBaseImages;
			productReference = 306AA009204F24BA0092EA10 /* FireBaseImages.app */;
			productType = "com.apple.product-type.application";
		};
/* End PBXNativeTarget section */

/* Begin PBXProject section */
		306AA001204F24BA0092EA10 /* Project object */ = {
			isa = PBXProject;
			attributes = {
				LastSwiftUpdateCheck = 0920;
				LastUpgradeCheck = 0920;
				ORGANIZATIONNAME = "Marcus V. Ferraz";
				TargetAttributes = {
					306AA008204F24BA0092EA10 = {
						CreatedOnToolsVersion = 9.2;
						ProvisioningStyle = Automatic;
					};
				};
			};
			buildConfigurationList = 306AA004204F24BA0092EA10 /* Build configuration list for PBXProject "FireBaseImages" */;
			compatibilityVersion = "Xcode 8.0";
			developmentRegion = en;
			hasScannedForEncodings = 0;
			knownRegions = (
				en,
				Base,
			);
			mainGroup = 306AA000204F24BA0092EA10;
			productRefGroup = 306AA00A204F24BA0092EA10 /* Products */;
			projectDirPath = "";
			projectRoot = "";
			targets = (
				306AA008204F24BA0092EA10 /* FireBaseImages */,
			);
		};
/* End PBXProject section */

/* Begin PBXResourcesBuildPhase section */
		306AA007204F24BA0092EA10 /* Resources */ = {
			isa = PBXResourcesBuildPhase;
			buildActionMask = 2147483647;
			files = (
				306AA017204F24BA0092EA10 /* LaunchScreen.storyboard in Resources */,
				306AA01F204F27A50092EA10 /* GoogleService-Info.plist in Resources */,
				306AA014204F24BA0092EA10 /* Assets.xcassets in Resources */,
				306AA012204F24BA0092EA10 /* Main.storyboard in Resources */,
			);
			runOnlyForDeploymentPostprocessing = 0;
		};
/* End PBXResourcesBuildPhase section */

/* Begin PBXShellScriptBuildPhase section */
		69698E57BE29AC218EEB9659 /* [CP] Copy Pods Resources */ = {
			isa = PBXShellScriptBuildPhase;
			buildActionMask = 2147483647;
			files = (
			);
			inputPaths = (
			);
			name = "[CP] Copy Pods Resources";
			outputPaths = (
			);
			runOnlyForDeploymentPostprocessing = 0;
			shellPath = /bin/sh;
			shellScript = "\"${SRCROOT}/Pods/Target Support Files/Pods-FireBaseImages/Pods-FireBaseImages-resources.sh\"\n";
			showEnvVarsInLog = 0;
		};
		7913E30A41398AD5D29B2911 /* [CP] Check Pods Manifest.lock */ = {
			isa = PBXShellScriptBuildPhase;
			buildActionMask = 2147483647;
			files = (
			);
			inputPaths = (
				"${PODS_PODFILE_DIR_PATH}/Podfile.lock",
				"${PODS_ROOT}/Manifest.lock",
			);
			name = "[CP] Check Pods Manifest.lock";
			outputPaths = (
				"$(DERIVED_FILE_DIR)/Pods-FireBaseImages-checkManifestLockResult.txt",
			);
			runOnlyForDeploymentPostprocessing = 0;
			shellPath = /bin/sh;
			shellScript = "diff \"${PODS_PODFILE_DIR_PATH}/Podfile.lock\" \"${PODS_ROOT}/Manifest.lock\" > /dev/null\nif [ $? != 0 ] ; then\n    # print error to STDERR\n    echo \"error: The sandbox is not in sync with the Podfile.lock. Run 'pod install' or update your CocoaPods installation.\" >&2\n    exit 1\nfi\n# This output is used by Xcode 'outputs' to avoid re-running this script phase.\necho \"SUCCESS\" > \"${SCRIPT_OUTPUT_FILE_0}\"\n";
			showEnvVarsInLog = 0;
		};
		D94358FCB68DD53C80A01081 /* [CP] Embed Pods Frameworks */ = {
			isa = PBXShellScriptBuildPhase;
			buildActionMask = 2147483647;
			files = (
			);
			inputPaths = (
				"${SRCROOT}/Pods/Target Support Files/Pods-FireBaseImages/Pods-FireBaseImages-frameworks.sh",
				"${BUILT_PRODUCTS_DIR}/GTMSessionFetcher/GTMSessionFetcher.framework",
				"${BUILT_PRODUCTS_DIR}/GoogleToolboxForMac/GoogleToolboxForMac.framework",
				"${BUILT_PRODUCTS_DIR}/nanopb/nanopb.framework",
			);
			name = "[CP] Embed Pods Frameworks";
			outputPaths = (
				"${TARGET_BUILD_DIR}/${FRAMEWORKS_FOLDER_PATH}/GTMSessionFetcher.framework",
				"${TARGET_BUILD_DIR}/${FRAMEWORKS_FOLDER_PATH}/GoogleToolboxForMac.framework",
				"${TARGET_BUILD_DIR}/${FRAMEWORKS_FOLDER_PATH}/nanopb.framework",
			);
			runOnlyForDeploymentPostprocessing = 0;
			shellPath = /bin/sh;
			shellScript = "\"${SRCROOT}/Pods/Target Support Files/Pods-FireBaseImages/Pods-FireBaseImages-frameworks.sh\"\n";
			showEnvVarsInLog = 0;
		};
/* End PBXShellScriptBuildPhase section */

/* Begin PBXSourcesBuildPhase section */
		306AA005204F24BA0092EA10 /* Sources */ = {
			isa = PBXSourcesBuildPhase;
			buildActionMask = 2147483647;
			files = (
				306AA00F204F24BA0092EA10 /* ViewController.swift in Sources */,
				306AA00D204F24BA0092EA10 /* AppDelegate.swift in Sources */,
			);
			runOnlyForDeploymentPostprocessing = 0;
		};
/* End PBXSourcesBuildPhase section */

/* Begin PBXVariantGroup section */
		306AA010204F24BA0092EA10 /* Main.storyboard */ = {
			isa = PBXVariantGroup;
			children = (
				306AA011204F24BA0092EA10 /* Base */,
			);
			name = Main.storyboard;
			sourceTree = "<group>";
		};
		306AA015204F24BA0092EA10 /* LaunchScreen.storyboard */ = {
			isa = PBXVariantGroup;
			children = (
				306AA016204F24BA0092EA10 /* Base */,
			);
			name = LaunchScreen.storyboard;
			sourceTree = "<group>";
		};
/* End PBXVariantGroup section */

/* Begin XCBuildConfiguration section */
		306AA019204F24BA0092EA10 /* Debug */ = {
			isa = XCBuildConfiguration;
			buildSettings = {
				ALWAYS_SEARCH_USER_PATHS = NO;
				CLANG_ANALYZER_NONNULL = YES;
				CLANG_ANALYZER_NUMBER_OBJECT_CONVERSION = YES_AGGRESSIVE;
				CLANG_CXX_LANGUAGE_STANDARD = "gnu++14";
				CLANG_CXX_LIBRARY = "libc++";
				CLANG_ENABLE_MODULES = YES;
				CLANG_ENABLE_OBJC_ARC = YES;
				CLANG_WARN_BLOCK_CAPTURE_AUTORELEASING = YES;
				CLANG_WARN_BOOL_CONVERSION = YES;
				CLANG_WARN_COMMA = YES;
				CLANG_WARN_CONSTANT_CONVERSION = YES;
				CLANG_WARN_DIRECT_OBJC_ISA_USAGE = YES_ERROR;
				CLANG_WARN_DOCUMENTATION_COMMENTS = YES;
				CLANG_WARN_EMPTY_BODY = YES;
				CLANG_WARN_ENUM_CONVERSION = YES;
				CLANG_WARN_INFINITE_RECURSION = YES;
				CLANG_WARN_INT_CONVERSION = YES;
				CLANG_WARN_NON_LITERAL_NULL_CONVERSION = YES;
				CLANG_WARN_OBJC_LITERAL_CONVERSION = YES;
				CLANG_WARN_OBJC_ROOT_CLASS = YES_ERROR;
				CLANG_WARN_RANGE_LOOP_ANALYSIS = YES;
				CLANG_WARN_STRICT_PROTOTYPES = YES;
				CLANG_WARN_SUSPICIOUS_MOVE = YES;
				CLANG_WARN_UNGUARDED_AVAILABILITY = YES_AGGRESSIVE;
				CLANG_WARN_UNREACHABLE_CODE = YES;
				CLANG_WARN__DUPLICATE_METHOD_MATCH = YES;
				CODE_SIGN_IDENTITY = "iPhone Developer";
				COPY_PHASE_STRIP = NO;
				DEBUG_INFORMATION_FORMAT = dwarf;
				ENABLE_STRICT_OBJC_MSGSEND = YES;
				ENABLE_TESTABILITY = YES;
				GCC_C_LANGUAGE_STANDARD = gnu11;
				GCC_DYNAMIC_NO_PIC = NO;
				GCC_NO_COMMON_BLOCKS = YES;
				GCC_OPTIMIZATION_LEVEL = 0;
				GCC_PREPROCESSOR_DEFINITIONS = (
					"DEBUG=1",
					"$(inherited)",
				);
				GCC_WARN_64_TO_32_BIT_CONVERSION = YES;
				GCC_WARN_ABOUT_RETURN_TYPE = YES_ERROR;
				GCC_WARN_UNDECLARED_SELECTOR = YES;
				GCC_WARN_UNINITIALIZED_AUTOS = YES_AGGRESSIVE;
				GCC_WARN_UNUSED_FUNCTION = YES;
				GCC_WARN_UNUSED_VARIABLE = YES;
				IPHONEOS_DEPLOYMENT_TARGET = 11.2;
				MTL_ENABLE_DEBUG_INFO = YES;
				ONLY_ACTIVE_ARCH = YES;
				SDKROOT = iphoneos;
				SWIFT_ACTIVE_COMPILATION_CONDITIONS = DEBUG;
				SWIFT_OPTIMIZATION_LEVEL = "-Onone";
			};
			name = Debug;
		};
		306AA01A204F24BA0092EA10 /* Release */ = {
			isa = XCBuildConfiguration;
			buildSettings = {
				ALWAYS_SEARCH_USER_PATHS = NO;
				CLANG_ANALYZER_NONNULL = YES;
				CLANG_ANALYZER_NUMBER_OBJECT_CONVERSION = YES_AGGRESSIVE;
				CLANG_CXX_LANGUAGE_STANDARD = "gnu++14";
				CLANG_CXX_LIBRARY = "libc++";
				CLANG_ENABLE_MODULES = YES;
				CLANG_ENABLE_OBJC_ARC = YES;
				CLANG_WARN_BLOCK_CAPTURE_AUTORELEASING = YES;
				CLANG_WARN_BOOL_CONVERSION = YES;
				CLANG_WARN_COMMA = YES;
				CLANG_WARN_CONSTANT_CONVERSION = YES;
				CLANG_WARN_DIRECT_OBJC_ISA_USAGE = YES_ERROR;
				CLANG_WARN_DOCUMENTATION_COMMENTS = YES;
				CLANG_WARN_EMPTY_BODY = YES;
				CLANG_WARN_ENUM_CONVERSION = YES;
				CLANG_WARN_INFINITE_RECURSION = YES;
				CLANG_WARN_INT_CONVERSION = YES;
				CLANG_WARN_NON_LITERAL_NULL_CONVERSION = YES;
				CLANG_WARN_OBJC_LITERAL_CONVERSION = YES;
				CLANG_WARN_OBJC_ROOT_CLASS = YES_ERROR;
				CLANG_WARN_RANGE_LOOP_ANALYSIS = YES;
				CLANG_WARN_STRICT_PROTOTYPES = YES;
				CLANG_WARN_SUSPICIOUS_MOVE = YES;
				CLANG_WARN_UNGUARDED_AVAILABILITY = YES_AGGRESSIVE;
				CLANG_WARN_UNREACHABLE_CODE = YES;
				CLANG_WARN__DUPLICATE_METHOD_MATCH = YES;
				CODE_SIGN_IDENTITY = "iPhone Developer";
				COPY_PHASE_STRIP = NO;
				DEBUG_INFORMATION_FORMAT = "dwarf-with-dsym";
				ENABLE_NS_ASSERTIONS = NO;
				ENABLE_STRICT_OBJC_MSGSEND = YES;
				GCC_C_LANGUAGE_STANDARD = gnu11;
				GCC_NO_COMMON_BLOCKS = YES;
				GCC_WARN_64_TO_32_BIT_CONVERSION = YES;
				GCC_WARN_ABOUT_RETURN_TYPE = YES_ERROR;
				GCC_WARN_UNDECLARED_SELECTOR = YES;
				GCC_WARN_UNINITIALIZED_AUTOS = YES_AGGRESSIVE;
				GCC_WARN_UNUSED_FUNCTION = YES;
				GCC_WARN_UNUSED_VARIABLE = YES;
				IPHONEOS_DEPLOYMENT_TARGET = 11.2;
				MTL_ENABLE_DEBUG_INFO = NO;
				SDKROOT = iphoneos;
				SWIFT_OPTIMIZATION_LEVEL = "-Owholemodule";
				VALIDATE_PRODUCT = YES;
			};
			name = Release;
		};
		306AA01C204F24BA0092EA10 /* Debug */ = {
			isa = XCBuildConfiguration;
			baseConfigurationReference = F1DE327AECBD341C9FFEDEA0 /* Pods-FireBaseImages.debug.xcconfig */;
			buildSettings = {
				ASSETCATALOG_COMPILER_APPICON_NAME = AppIcon;
				CODE_SIGN_STYLE = Automatic;
				DEVELOPMENT_TEAM = 28PU95LLJH;
				INFOPLIST_FILE = FireBaseImages/Info.plist;
				LD_RUNPATH_SEARCH_PATHS = "$(inherited) @executable_path/Frameworks";
				PRODUCT_BUNDLE_IDENTIFIER = Test.FireBaseImages;
				PRODUCT_NAME = "$(TARGET_NAME)";
				SWIFT_VERSION = 4.0;
				TARGETED_DEVICE_FAMILY = "1,2";
			};
			name = Debug;
		};
		306AA01D204F24BA0092EA10 /* Release */ = {
			isa = XCBuildConfiguration;
			baseConfigurationReference = 09885C95AEB61E4CAECE7BD7 /* Pods-FireBaseImages.release.xcconfig */;
			buildSettings = {
				ASSETCATALOG_COMPILER_APPICON_NAME = AppIcon;
				CODE_SIGN_STYLE = Automatic;
				DEVELOPMENT_TEAM = 28PU95LLJH;
				INFOPLIST_FILE = FireBaseImages/Info.plist;
				LD_RUNPATH_SEARCH_PATHS = "$(inherited) @executable_path/Frameworks";
				PRODUCT_BUNDLE_IDENTIFIER = Test.FireBaseImages;
				PRODUCT_NAME = "$(TARGET_NAME)";
				SWIFT_VERSION = 4.0;
				TARGETED_DEVICE_FAMILY = "1,2";
			};
			name = Release;
		};
/* End XCBuildConfiguration section */

/* Begin XCConfigurationList section */
		306AA004204F24BA0092EA10 /* Build configuration list for PBXProject "FireBaseImages" */ = {
			isa = XCConfigurationList;
			buildConfigurations = (
				306AA019204F24BA0092EA10 /* Debug */,
				306AA01A204F24BA0092EA10 /* Release */,
			);
			defaultConfigurationIsVisible = 0;
			defaultConfigurationName = Release;
		};
		306AA01B204F24BA0092EA10 /* Build configuration list for PBXNativeTarget "FireBaseImages" */ = {
			isa = XCConfigurationList;
			buildConfigurations = (
				306AA01C204F24BA0092EA10 /* Debug */,
				306AA01D204F24BA0092EA10 /* Release */,
			);
			defaultConfigurationIsVisible = 0;
			defaultConfigurationName = Release;
		};
/* End XCConfigurationList section */
	};
	rootObject = 306AA001204F24BA0092EA10 /* Project object */;
}
